
Microsoft Visual Studio Solution File, Format Version 12.00
# Visual Studio Version 17
VisualStudioVersion = 17.10.34916.146
MinimumVisualStudioVersion = 10.0.40219.1
Project("{FAE04EC0-301F-11D3-BF4B-00C04F79EFBC}") = "UniversalRemover", "UniversalRemover\UniversalRemover.csproj", "{CC4343D4-0783-4C52-AAAF-7650250B3B11}"
EndProject
Global
	GlobalSection(SolutionConfigurationPlatforms) = preSolution
		Debug|Any CPU = Debug|Any CPU
		Release|Any CPU = Release|Any CPU
	EndGlobalSection
	GlobalSection(ProjectConfigurationPlatforms) = postSolution
		{CC4343D4-0783-4C52-AAAF-7650250B3B11}.Debug|Any CPU.ActiveCfg = Debug|Any CPU
		{CC4343D4-0783-4C52-AAAF-7650250B3B11}.Debug|Any CPU.Build.0 = Debug|Any CPU
		{CC4343D4-0783-4C52-AAAF-7650250B3B11}.Release|Any CPU.ActiveCfg = Release|Any CPU
		{CC4343D4-0783-4C52-AAAF-7650250B3B11}.Release|Any CPU.Build.0 = Release|Any CPU
	EndGlobalSection
	GlobalSection(SolutionProperties) = preSolution
		HideSolutionNode = FALSE
	EndGlobalSection
	GlobalSection(ExtensibilityGlobals) = postSolution
		SolutionGuid = {9DFACA10-119A-4951-9CF2-AAEC25289463}
	EndGlobalSection
EndGlobal
